
Microsoft Visual Studio Solution File, Format Version 12.00
# Visual Studio Version 16
VisualStudioVersion = 16.0.34407.143
MinimumVisualStudioVersion = 10.0.40219.1
Project("{FAE04EC0-301F-11D3-BF4B-00C04F79EFBC}") = "OldMacDonaldsFarms", "OldMacDonaldsFarms\OldMacDonaldsFarms.csproj", "{3753D0E8-0817-490D-A089-34D1496891B0}"
EndProject
Global
	GlobalSection(SolutionConfigurationPlatforms) = preSolution
		Debug|Any CPU = Debug|Any CPU
		Release|Any CPU = Release|Any CPU
	EndGlobalSection
	GlobalSection(ProjectConfigurationPlatforms) = postSolution
		{3753D0E8-0817-490D-A089-34D1496891B0}.Debug|Any CPU.ActiveCfg = Debug|Any CPU
		{3753D0E8-0817-490D-A089-34D1496891B0}.Debug|Any CPU.Build.0 = Debug|Any CPU
		{3753D0E8-0817-490D-A089-34D1496891B0}.Release|Any CPU.ActiveCfg = Release|Any CPU
		{3753D0E8-0817-490D-A089-34D1496891B0}.Release|Any CPU.Build.0 = Release|Any CPU
	EndGlobalSection
	GlobalSection(SolutionProperties) = preSolution
		HideSolutionNode = FALSE
	EndGlobalSection
	GlobalSection(ExtensibilityGlobals) = postSolution
		SolutionGuid = {DA4A0FAC-DAEA-4360-BA38-2D5299CF42FE}
	EndGlobalSection
EndGlobal
